
Microsoft Visual Studio Solution File, Format Version 12.00
# Visual Studio Version 17
VisualStudioVersion = 17.6.33801.468
MinimumVisualStudioVersion = 10.0.40219.1
Project("{9A19103F-16F7-4668-BE54-9A1E7A4F7556}") = "Stage.API.Web", "Stage.API.Web\Stage.API.Web.csproj", "{D176E414-9CA7-44C7-A9B4-D04B2D8D0B16}"
EndProject
Project("{54A90642-561A-4BB1-A94E-469ADEE60C69}") = "Stage.Web", "Stage.Web\Stage.Web.esproj", "{B40164FF-A968-4A9D-B886-48E6BC4734F0}"
EndProject
Project("{FAE04EC0-301F-11D3-BF4B-00C04F79EFBC}") = "Stage.API.DAL", "Stage.API.DAL\Stage.API.DAL.csproj", "{1E7155BA-DEFD-4095-B408-C5B147B28256}"
EndProject
Project("{FAE04EC0-301F-11D3-BF4B-00C04F79EFBC}") = "Stage.API.Test", "Stage.API.Test\Stage.API.Test.csproj", "{90DB5D29-6E08-4FA1-A0AC-ED876546439F}"
EndProject
Global
	GlobalSection(SolutionConfigurationPlatforms) = preSolution
		Debug|Any CPU = Debug|Any CPU
		Release|Any CPU = Release|Any CPU
	EndGlobalSection
	GlobalSection(ProjectConfigurationPlatforms) = postSolution
		{D176E414-9CA7-44C7-A9B4-D04B2D8D0B16}.Debug|Any CPU.ActiveCfg = Debug|Any CPU
		{D176E414-9CA7-44C7-A9B4-D04B2D8D0B16}.Debug|Any CPU.Build.0 = Debug|Any CPU
		{D176E414-9CA7-44C7-A9B4-D04B2D8D0B16}.Release|Any CPU.ActiveCfg = Release|Any CPU
		{D176E414-9CA7-44C7-A9B4-D04B2D8D0B16}.Release|Any CPU.Build.0 = Release|Any CPU
		{B40164FF-A968-4A9D-B886-48E6BC4734F0}.Debug|Any CPU.ActiveCfg = Debug|Any CPU
		{B40164FF-A968-4A9D-B886-48E6BC4734F0}.Debug|Any CPU.Build.0 = Debug|Any CPU
		{B40164FF-A968-4A9D-B886-48E6BC4734F0}.Debug|Any CPU.Deploy.0 = Debug|Any CPU
		{B40164FF-A968-4A9D-B886-48E6BC4734F0}.Release|Any CPU.ActiveCfg = Release|Any CPU
		{B40164FF-A968-4A9D-B886-48E6BC4734F0}.Release|Any CPU.Build.0 = Release|Any CPU
		{B40164FF-A968-4A9D-B886-48E6BC4734F0}.Release|Any CPU.Deploy.0 = Release|Any CPU
		{1E7155BA-DEFD-4095-B408-C5B147B28256}.Debug|Any CPU.ActiveCfg = Debug|Any CPU
		{1E7155BA-DEFD-4095-B408-C5B147B28256}.Debug|Any CPU.Build.0 = Debug|Any CPU
		{1E7155BA-DEFD-4095-B408-C5B147B28256}.Release|Any CPU.ActiveCfg = Release|Any CPU
		{1E7155BA-DEFD-4095-B408-C5B147B28256}.Release|Any CPU.Build.0 = Release|Any CPU
		{90DB5D29-6E08-4FA1-A0AC-ED876546439F}.Debug|Any CPU.ActiveCfg = Debug|Any CPU
		{90DB5D29-6E08-4FA1-A0AC-ED876546439F}.Debug|Any CPU.Build.0 = Debug|Any CPU
		{90DB5D29-6E08-4FA1-A0AC-ED876546439F}.Release|Any CPU.ActiveCfg = Release|Any CPU
		{90DB5D29-6E08-4FA1-A0AC-ED876546439F}.Release|Any CPU.Build.0 = Release|Any CPU
	EndGlobalSection
	GlobalSection(SolutionProperties) = preSolution
		HideSolutionNode = FALSE
	EndGlobalSection
	GlobalSection(ExtensibilityGlobals) = postSolution
		SolutionGuid = {5E00E4A1-136B-4144-8F33-D2725E3F1B61}
	EndGlobalSection
EndGlobal
